// !$*UTF8*$!
{
	archiveVersion = 1;
	classes = {
	};
	objectVersion = 46;
	objects = {

/* Begin PBXBuildFile section */
		7F41FC002AFB6134D68CAF2C /* Pods_DarkSky_Fridge.framework in Frameworks */ = {isa = PBXBuildFile; fileRef = C2F9D450D200EF7C3E0D393C /* Pods_DarkSky_Fridge.framework */; };
		BA5F3D481DEA2BA10000A46B /* AppDelegate.swift in Sources */ = {isa = PBXBuildFile; fileRef = BA5F3D471DEA2BA10000A46B /* AppDelegate.swift */; };
		BA5F3D4A1DEA2BA10000A46B /* ViewController.swift in Sources */ = {isa = PBXBuildFile; fileRef = BA5F3D491DEA2BA10000A46B /* ViewController.swift */; };
		BA5F3D4D1DEA2BA10000A46B /* Main.storyboard in Resources */ = {isa = PBXBuildFile; fileRef = BA5F3D4B1DEA2BA10000A46B /* Main.storyboard */; };
		BA5F3D4F1DEA2BA10000A46B /* Assets.xcassets in Resources */ = {isa = PBXBuildFile; fileRef = BA5F3D4E1DEA2BA10000A46B /* Assets.xcassets */; };
		BA5F3D521DEA2BA10000A46B /* LaunchScreen.storyboard in Resources */ = {isa = PBXBuildFile; fileRef = BA5F3D501DEA2BA10000A46B /* LaunchScreen.storyboard */; };
		BAB0520D1DEA2D1A00C39602 /* DarkSky.swift in Sources */ = {isa = PBXBuildFile; fileRef = BAB0520C1DEA2D1A00C39602 /* DarkSky.swift */; };
		BAB0520F1DEA300100C39602 /* darkSkyPull.swift in Sources */ = {isa = PBXBuildFile; fileRef = BAB0520E1DEA300100C39602 /* darkSkyPull.swift */; };
/* End PBXBuildFile section */

/* Begin PBXFileReference section */
		2ED1FABC63007A9E86328E52 /* Pods-DarkSky_Fridge.debug.xcconfig */ = {isa = PBXFileReference; includeInIndex = 1; lastKnownFileType = text.xcconfig; name = "Pods-DarkSky_Fridge.debug.xcconfig"; path = "Pods/Target Support Files/Pods-DarkSky_Fridge/Pods-DarkSky_Fridge.debug.xcconfig"; sourceTree = "<group>"; };
		61FF36AE4DADABAF967C57FF /* Pods-DarkSky_Fridge.release.xcconfig */ = {isa = PBXFileReference; includeInIndex = 1; lastKnownFileType = text.xcconfig; name = "Pods-DarkSky_Fridge.release.xcconfig"; path = "Pods/Target Support Files/Pods-DarkSky_Fridge/Pods-DarkSky_Fridge.release.xcconfig"; sourceTree = "<group>"; };
		BA5F3D441DEA2BA10000A46B /* IICTM.FO.app */ = {isa = PBXFileReference; explicitFileType = wrapper.application; includeInIndex = 0; path = IICTM.FO.app; sourceTree = BUILT_PRODUCTS_DIR; };
		BA5F3D471DEA2BA10000A46B /* AppDelegate.swift */ = {isa = PBXFileReference; lastKnownFileType = sourcecode.swift; path = AppDelegate.swift; sourceTree = "<group>"; };
		BA5F3D491DEA2BA10000A46B /* ViewController.swift */ = {isa = PBXFileReference; lastKnownFileType = sourcecode.swift; path = ViewController.swift; sourceTree = "<group>"; };
		BA5F3D4C1DEA2BA10000A46B /* Base */ = {isa = PBXFileReference; lastKnownFileType = file.storyboard; name = Base; path = Base.lproj/Main.storyboard; sourceTree = "<group>"; };
		BA5F3D4E1DEA2BA10000A46B /* Assets.xcassets */ = {isa = PBXFileReference; lastKnownFileType = folder.assetcatalog; path = Assets.xcassets; sourceTree = "<group>"; };
		BA5F3D511DEA2BA10000A46B /* Base */ = {isa = PBXFileReference; lastKnownFileType = file.storyboard; name = Base; path = Base.lproj/LaunchScreen.storyboard; sourceTree = "<group>"; };
		BA5F3D531DEA2BA10000A46B /* Info.plist */ = {isa = PBXFileReference; lastKnownFileType = text.plist.xml; path = Info.plist; sourceTree = "<group>"; };
		BAB0520C1DEA2D1A00C39602 /* DarkSky.swift */ = {isa = PBXFileReference; fileEncoding = 4; lastKnownFileType = sourcecode.swift; path = DarkSky.swift; sourceTree = "<group>"; };
		BAB0520E1DEA300100C39602 /* darkSkyPull.swift */ = {isa = PBXFileReference; fileEncoding = 4; lastKnownFileType = sourcecode.swift; path = darkSkyPull.swift; sourceTree = "<group>"; };
		C2F9D450D200EF7C3E0D393C /* Pods_DarkSky_Fridge.framework */ = {isa = PBXFileReference; explicitFileType = wrapper.framework; includeInIndex = 0; path = Pods_DarkSky_Fridge.framework; sourceTree = BUILT_PRODUCTS_DIR; };
/* End PBXFileReference section */

/* Begin PBXFrameworksBuildPhase section */
		BA5F3D411DEA2BA10000A46B /* Frameworks */ = {
			isa = PBXFrameworksBuildPhase;
			buildActionMask = 2147483647;
			files = (
				7F41FC002AFB6134D68CAF2C /* Pods_DarkSky_Fridge.framework in Frameworks */,
			);
			runOnlyForDeploymentPostprocessing = 0;
		};
/* End PBXFrameworksBuildPhase section */

/* Begin PBXGroup section */
		512E0B5F315E3ABC1D82F588 /* Pods */ = {
			isa = PBXGroup;
			children = (
				2ED1FABC63007A9E86328E52 /* Pods-DarkSky_Fridge.debug.xcconfig */,
				61FF36AE4DADABAF967C57FF /* Pods-DarkSky_Fridge.release.xcconfig */,
			);
			name = Pods;
			sourceTree = "<group>";
		};
		BA5F3D3B1DEA2BA10000A46B = {
			isa = PBXGroup;
			children = (
				BA5F3D461DEA2BA10000A46B /* DarkSky_Fridge */,
				BA5F3D451DEA2BA10000A46B /* Products */,
				512E0B5F315E3ABC1D82F588 /* Pods */,
				F31EFF03DF159522010D1D00 /* Frameworks */,
			);
			sourceTree = "<group>";
		};
		BA5F3D451DEA2BA10000A46B /* Products */ = {
			isa = PBXGroup;
			children = (
				BA5F3D441DEA2BA10000A46B /* IICTM.FO.app */,
			);
			name = Products;
			sourceTree = "<group>";
		};
		BA5F3D461DEA2BA10000A46B /* DarkSky_Fridge */ = {
			isa = PBXGroup;
			children = (
				BA5F3D471DEA2BA10000A46B /* AppDelegate.swift */,
				BA5F3D491DEA2BA10000A46B /* ViewController.swift */,
				BA5F3D4B1DEA2BA10000A46B /* Main.storyboard */,
				BA5F3D4E1DEA2BA10000A46B /* Assets.xcassets */,
				BA5F3D501DEA2BA10000A46B /* LaunchScreen.storyboard */,
				BA5F3D531DEA2BA10000A46B /* Info.plist */,
				BAB0520C1DEA2D1A00C39602 /* DarkSky.swift */,
				BAB0520E1DEA300100C39602 /* darkSkyPull.swift */,
			);
			path = DarkSky_Fridge;
			sourceTree = "<group>";
		};
		F31EFF03DF159522010D1D00 /* Frameworks */ = {
			isa = PBXGroup;
			children = (
				C2F9D450D200EF7C3E0D393C /* Pods_DarkSky_Fridge.framework */,
			);
			name = Frameworks;
			sourceTree = "<group>";
		};
/* End PBXGroup section */

/* Begin PBXNativeTarget section */
		BA5F3D431DEA2BA10000A46B /* IICTM.FO */ = {
			isa = PBXNativeTarget;
			buildConfigurationList = BA5F3D561DEA2BA10000A46B /* Build configuration list for PBXNativeTarget "IICTM.FO" */;
			buildPhases = (
				B6514D2230BC23C23A218687 /* [CP] Check Pods Manifest.lock */,
				BA5F3D401DEA2BA10000A46B /* Sources */,
				BA5F3D411DEA2BA10000A46B /* Frameworks */,
				BA5F3D421DEA2BA10000A46B /* Resources */,
				43F1A30BB1DB80D2D16DA2DA /* [CP] Embed Pods Frameworks */,
				EAE6559D783DEB2515943D1B /* [CP] Copy Pods Resources */,
			);
			buildRules = (
			);
			dependencies = (
			);
			name = IICTM.FO;
			productName = DarkSky_Fridge;
			productReference = BA5F3D441DEA2BA10000A46B /* IICTM.FO.app */;
			productType = "com.apple.product-type.application";
		};
/* End PBXNativeTarget section */

/* Begin PBXProject section */
		BA5F3D3C1DEA2BA10000A46B /* Project object */ = {
			isa = PBXProject;
			attributes = {
				LastSwiftUpdateCheck = 0810;
				LastUpgradeCheck = 0810;
				ORGANIZATIONNAME = heyryanleys;
				TargetAttributes = {
					BA5F3D431DEA2BA10000A46B = {
						CreatedOnToolsVersion = 8.1;
						DevelopmentTeam = Y58DNLE2WP;
						ProvisioningStyle = Automatic;
					};
				};
			};
			buildConfigurationList = BA5F3D3F1DEA2BA10000A46B /* Build configuration list for PBXProject "IICTM.FO" */;
			compatibilityVersion = "Xcode 3.2";
			developmentRegion = English;
			hasScannedForEncodings = 0;
			knownRegions = (
				en,
				Base,
			);
			mainGroup = BA5F3D3B1DEA2BA10000A46B;
			productRefGroup = BA5F3D451DEA2BA10000A46B /* Products */;
			projectDirPath = "";
			projectRoot = "";
			targets = (
				BA5F3D431DEA2BA10000A46B /* IICTM.FO */,
			);
		};
/* End PBXProject section */

/* Begin PBXResourcesBuildPhase section */
		BA5F3D421DEA2BA10000A46B /* Resources */ = {
			isa = PBXResourcesBuildPhase;
			buildActionMask = 2147483647;
			files = (
				BA5F3D521DEA2BA10000A46B /* LaunchScreen.storyboard in Resources */,
				BA5F3D4F1DEA2BA10000A46B /* Assets.xcassets in Resources */,
				BA5F3D4D1DEA2BA10000A46B /* Main.storyboard in Resources */,
			);
			runOnlyForDeploymentPostprocessing = 0;
		};
/* End PBXResourcesBuildPhase section */

/* Begin PBXShellScriptBuildPhase section */
		43F1A30BB1DB80D2D16DA2DA /* [CP] Embed Pods Frameworks */ = {
			isa = PBXShellScriptBuildPhase;
			buildActionMask = 2147483647;
			files = (
			);
			inputPaths = (
			);
			name = "[CP] Embed Pods Frameworks";
			outputPaths = (
			);
			runOnlyForDeploymentPostprocessing = 0;
			shellPath = /bin/sh;
			shellScript = "\"${SRCROOT}/Pods/Target Support Files/Pods-DarkSky_Fridge/Pods-DarkSky_Fridge-frameworks.sh\"\n";
			showEnvVarsInLog = 0;
		};
		B6514D2230BC23C23A218687 /* [CP] Check Pods Manifest.lock */ = {
			isa = PBXShellScriptBuildPhase;
			buildActionMask = 2147483647;
			files = (
			);
			inputPaths = (
			);
			name = "[CP] Check Pods Manifest.lock";
			outputPaths = (
			);
			runOnlyForDeploymentPostprocessing = 0;
			shellPath = /bin/sh;
			shellScript = "diff \"${PODS_ROOT}/../Podfile.lock\" \"${PODS_ROOT}/Manifest.lock\" > /dev/null\nif [ $? != 0 ] ; then\n    # print error to STDERR\n    echo \"error: The sandbox is not in sync with the Podfile.lock. Run 'pod install' or update your CocoaPods installation.\" >&2\n    exit 1\nfi\n";
			showEnvVarsInLog = 0;
		};
		EAE6559D783DEB2515943D1B /* [CP] Copy Pods Resources */ = {
			isa = PBXShellScriptBuildPhase;
			buildActionMask = 2147483647;
			files = (
			);
			inputPaths = (
			);
			name = "[CP] Copy Pods Resources";
			outputPaths = (
			);
			runOnlyForDeploymentPostprocessing = 0;
			shellPath = /bin/sh;
			shellScript = "\"${SRCROOT}/Pods/Target Support Files/Pods-DarkSky_Fridge/Pods-DarkSky_Fridge-resources.sh\"\n";
			showEnvVarsInLog = 0;
		};
/* End PBXShellScriptBuildPhase section */

/* Begin PBXSourcesBuildPhase section */
		BA5F3D401DEA2BA10000A46B /* Sources */ = {
			isa = PBXSourcesBuildPhase;
			buildActionMask = 2147483647;
			files = (
				BA5F3D4A1DEA2BA10000A46B /* ViewController.swift in Sources */,
				BAB0520D1DEA2D1A00C39602 /* DarkSky.swift in Sources */,
				BAB0520F1DEA300100C39602 /* darkSkyPull.swift in Sources */,
				BA5F3D481DEA2BA10000A46B /* AppDelegate.swift in Sources */,
			);
			runOnlyForDeploymentPostprocessing = 0;
		};
/* End PBXSourcesBuildPhase section */

/* Begin PBXVariantGroup section */
		BA5F3D4B1DEA2BA10000A46B /* Main.storyboard */ = {
			isa = PBXVariantGroup;
			children = (
				BA5F3D4C1DEA2BA10000A46B /* Base */,
			);
			name = Main.storyboard;
			sourceTree = "<group>";
		};
		BA5F3D501DEA2BA10000A46B /* LaunchScreen.storyboard */ = {
			isa = PBXVariantGroup;
			children = (
				BA5F3D511DEA2BA10000A46B /* Base */,
			);
			name = LaunchScreen.storyboard;
			sourceTree = "<group>";
		};
/* End PBXVariantGroup section */

/* Begin XCBuildConfiguration section */
		BA5F3D541DEA2BA10000A46B /* Debug */ = {
			isa = XCBuildConfiguration;
			buildSettings = {
				ALWAYS_SEARCH_USER_PATHS = NO;
				CLANG_ANALYZER_NONNULL = YES;
				CLANG_CXX_LANGUAGE_STANDARD = "gnu++0x";
				CLANG_CXX_LIBRARY = "libc++";
				CLANG_ENABLE_MODULES = YES;
				CLANG_ENABLE_OBJC_ARC = YES;
				CLANG_WARN_BOOL_CONVERSION = YES;
				CLANG_WARN_CONSTANT_CONVERSION = YES;
				CLANG_WARN_DIRECT_OBJC_ISA_USAGE = YES_ERROR;
				CLANG_WARN_DOCUMENTATION_COMMENTS = YES;
				CLANG_WARN_EMPTY_BODY = YES;
				CLANG_WARN_ENUM_CONVERSION = YES;
				CLANG_WARN_INFINITE_RECURSION = YES;
				CLANG_WARN_INT_CONVERSION = YES;
				CLANG_WARN_OBJC_ROOT_CLASS = YES_ERROR;
				CLANG_WARN_SUSPICIOUS_MOVE = YES;
				CLANG_WARN_SUSPICIOUS_MOVES = YES;
				CLANG_WARN_UNREACHABLE_CODE = YES;
				CLANG_WARN__DUPLICATE_METHOD_MATCH = YES;
				"CODE_SIGN_IDENTITY[sdk=iphoneos*]" = "iPhone Developer";
				COPY_PHASE_STRIP = NO;
				DEBUG_INFORMATION_FORMAT = dwarf;
				ENABLE_STRICT_OBJC_MSGSEND = YES;
				ENABLE_TESTABILITY = YES;
				GCC_C_LANGUAGE_STANDARD = gnu99;
				GCC_DYNAMIC_NO_PIC = NO;
				GCC_NO_COMMON_BLOCKS = YES;
				GCC_OPTIMIZATION_LEVEL = 0;
				GCC_PREPROCESSOR_DEFINITIONS = (
					"DEBUG=1",
					"$(inherited)",
				);
				GCC_WARN_64_TO_32_BIT_CONVERSION = YES;
				GCC_WARN_ABOUT_RETURN_TYPE = YES_ERROR;
				GCC_WARN_UNDECLARED_SELECTOR = YES;
				GCC_WARN_UNINITIALIZED_AUTOS = YES_AGGRESSIVE;
				GCC_WARN_UNUSED_FUNCTION = YES;
				GCC_WARN_UNUSED_VARIABLE = YES;
				IPHONEOS_DEPLOYMENT_TARGET = 10.1;
				MTL_ENABLE_DEBUG_INFO = YES;
				ONLY_ACTIVE_ARCH = YES;
				SDKROOT = iphoneos;
				SWIFT_ACTIVE_COMPILATION_CONDITIONS = DEBUG;
				SWIFT_OPTIMIZATION_LEVEL = "-Onone";
			};
			name = Debug;
		};
		BA5F3D551DEA2BA10000A46B /* Release */ = {
			isa = XCBuildConfiguration;
			buildSettings = {
				ALWAYS_SEARCH_USER_PATHS = NO;
				CLANG_ANALYZER_NONNULL = YES;
				CLANG_CXX_LANGUAGE_STANDARD = "gnu++0x";
				CLANG_CXX_LIBRARY = "libc++";
				CLANG_ENABLE_MODULES = YES;
				CLANG_ENABLE_OBJC_ARC = YES;
				CLANG_WARN_BOOL_CONVERSION = YES;
				CLANG_WARN_CONSTANT_CONVERSION = YES;
				CLANG_WARN_DIRECT_OBJC_ISA_USAGE = YES_ERROR;
				CLANG_WARN_DOCUMENTATION_COMMENTS = YES;
				CLANG_WARN_EMPTY_BODY = YES;
				CLANG_WARN_ENUM_CONVERSION = YES;
				CLANG_WARN_INFINITE_RECURSION = YES;
				CLANG_WARN_INT_CONVERSION = YES;
				CLANG_WARN_OBJC_ROOT_CLASS = YES_ERROR;
				CLANG_WARN_SUSPICIOUS_MOVE = YES;
				CLANG_WARN_SUSPICIOUS_MOVES = YES;
				CLANG_WARN_UNREACHABLE_CODE = YES;
				CLANG_WARN__DUPLICATE_METHOD_MATCH = YES;
				"CODE_SIGN_IDENTITY[sdk=iphoneos*]" = "iPhone Developer";
				COPY_PHASE_STRIP = NO;
				DEBUG_INFORMATION_FORMAT = "dwarf-with-dsym";
				ENABLE_NS_ASSERTIONS = NO;
				ENABLE_STRICT_OBJC_MSGSEND = YES;
				GCC_C_LANGUAGE_STANDARD = gnu99;
				GCC_NO_COMMON_BLOCKS = YES;
				GCC_WARN_64_TO_32_BIT_CONVERSION = YES;
				GCC_WARN_ABOUT_RETURN_TYPE = YES_ERROR;
				GCC_WARN_UNDECLARED_SELECTOR = YES;
				GCC_WARN_UNINITIALIZED_AUTOS = YES_AGGRESSIVE;
				GCC_WARN_UNUSED_FUNCTION = YES;
				GCC_WARN_UNUSED_VARIABLE = YES;
				IPHONEOS_DEPLOYMENT_TARGET = 10.1;
				MTL_ENABLE_DEBUG_INFO = NO;
				SDKROOT = iphoneos;
				SWIFT_OPTIMIZATION_LEVEL = "-Owholemodule";
				VALIDATE_PRODUCT = YES;
			};
			name = Release;
		};
		BA5F3D571DEA2BA10000A46B /* Debug */ = {
			isa = XCBuildConfiguration;
			baseConfigurationReference = 2ED1FABC63007A9E86328E52 /* Pods-DarkSky_Fridge.debug.xcconfig */;
			buildSettings = {
				ALWAYS_EMBED_SWIFT_STANDARD_LIBRARIES = YES;
				ASSETCATALOG_COMPILER_APPICON_NAME = AppIcon;
				DEVELOPMENT_TEAM = Y58DNLE2WP;
				INFOPLIST_FILE = DarkSky_Fridge/Info.plist;
				LD_RUNPATH_SEARCH_PATHS = "$(inherited) @executable_path/Frameworks";
				PRODUCT_BUNDLE_IDENTIFIER = "com.heyryanleys.DarkSky-Fridge";
				PRODUCT_NAME = "$(TARGET_NAME)";
				SWIFT_VERSION = 3.0;
			};
			name = Debug;
		};
		BA5F3D581DEA2BA10000A46B /* Release */ = {
			isa = XCBuildConfiguration;
			baseConfigurationReference = 61FF36AE4DADABAF967C57FF /* Pods-DarkSky_Fridge.release.xcconfig */;
			buildSettings = {
				ALWAYS_EMBED_SWIFT_STANDARD_LIBRARIES = YES;
				ASSETCATALOG_COMPILER_APPICON_NAME = AppIcon;
				DEVELOPMENT_TEAM = Y58DNLE2WP;
				INFOPLIST_FILE = DarkSky_Fridge/Info.plist;
				LD_RUNPATH_SEARCH_PATHS = "$(inherited) @executable_path/Frameworks";
				PRODUCT_BUNDLE_IDENTIFIER = "com.heyryanleys.DarkSky-Fridge";
				PRODUCT_NAME = "$(TARGET_NAME)";
				SWIFT_VERSION = 3.0;
			};
			name = Release;
		};
/* End XCBuildConfiguration section */

/* Begin XCConfigurationList section */
		BA5F3D3F1DEA2BA10000A46B /* Build configuration list for PBXProject "IICTM.FO" */ = {
			isa = XCConfigurationList;
			buildConfigurations = (
				BA5F3D541DEA2BA10000A46B /* Debug */,
				BA5F3D551DEA2BA10000A46B /* Release */,
			);
			defaultConfigurationIsVisible = 0;
			defaultConfigurationName = Release;
		};
		BA5F3D561DEA2BA10000A46B /* Build configuration list for PBXNativeTarget "IICTM.FO" */ = {
			isa = XCConfigurationList;
			buildConfigurations = (
				BA5F3D571DEA2BA10000A46B /* Debug */,
				BA5F3D581DEA2BA10000A46B /* Release */,
			);
			defaultConfigurationIsVisible = 0;
			defaultConfigurationName = Release;
		};
/* End XCConfigurationList section */
	};
	rootObject = BA5F3D3C1DEA2BA10000A46B /* Project object */;
}
